
Microsoft Visual Studio Solution File, Format Version 12.00
# Visual Studio Version 17
VisualStudioVersion = 17.7.34024.191
MinimumVisualStudioVersion = 10.0.40219.1
Project("{FAE04EC0-301F-11D3-BF4B-00C04F79EFBC}") = "Queue", "Queue\Queue.csproj", "{7E716514-D2AE-472D-B079-1752CA7B363C}"
EndProject
Global
	GlobalSection(SolutionConfigurationPlatforms) = preSolution
		Debug|Any CPU = Debug|Any CPU
		Release|Any CPU = Release|Any CPU
	EndGlobalSection
	GlobalSection(ProjectConfigurationPlatforms) = postSolution
		{7E716514-D2AE-472D-B079-1752CA7B363C}.Debug|Any CPU.ActiveCfg = Debug|Any CPU
		{7E716514-D2AE-472D-B079-1752CA7B363C}.Debug|Any CPU.Build.0 = Debug|Any CPU
		{7E716514-D2AE-472D-B079-1752CA7B363C}.Release|Any CPU.ActiveCfg = Release|Any CPU
		{7E716514-D2AE-472D-B079-1752CA7B363C}.Release|Any CPU.Build.0 = Release|Any CPU
	EndGlobalSection
	GlobalSection(SolutionProperties) = preSolution
		HideSolutionNode = FALSE
	EndGlobalSection
	GlobalSection(ExtensibilityGlobals) = postSolution
		SolutionGuid = {923EEB58-5105-48B1-8497-012853511535}
	EndGlobalSection
EndGlobal
